
Microsoft Visual Studio Solution File, Format Version 12.00
# Visual Studio Version 17
VisualStudioVersion = 17.4.33213.308
MinimumVisualStudioVersion = 10.0.40219.1
Project("{FAE04EC0-301F-11D3-BF4B-00C04F79EFBC}") = "Seçim_İstatistik_Grafik", "Seçim_İstatistik_Grafik\Seçim_İstatistik_Grafik.csproj", "{0021A06D-6259-4B01-9F99-BEE0FF667689}"
EndProject
Global
	GlobalSection(SolutionConfigurationPlatforms) = preSolution
		Debug|Any CPU = Debug|Any CPU
		Release|Any CPU = Release|Any CPU
	EndGlobalSection
	GlobalSection(ProjectConfigurationPlatforms) = postSolution
		{0021A06D-6259-4B01-9F99-BEE0FF667689}.Debug|Any CPU.ActiveCfg = Debug|Any CPU
		{0021A06D-6259-4B01-9F99-BEE0FF667689}.Debug|Any CPU.Build.0 = Debug|Any CPU
		{0021A06D-6259-4B01-9F99-BEE0FF667689}.Release|Any CPU.ActiveCfg = Release|Any CPU
		{0021A06D-6259-4B01-9F99-BEE0FF667689}.Release|Any CPU.Build.0 = Release|Any CPU
	EndGlobalSection
	GlobalSection(SolutionProperties) = preSolution
		HideSolutionNode = FALSE
	EndGlobalSection
	GlobalSection(ExtensibilityGlobals) = postSolution
		SolutionGuid = {0E9AC636-E3AA-45D9-AE69-784628EEFF15}
	EndGlobalSection
EndGlobal
